
Microsoft Visual Studio Solution File, Format Version 12.00
# Visual Studio Version 17
VisualStudioVersion = 17.4.33110.190
MinimumVisualStudioVersion = 10.0.40219.1
Project("{2150E333-8FDC-42A3-9474-1A3956D46DE8}") = "src", "src", "{101C2DCD-2B9C-4F66-AFCA-276E4E9989FE}"
EndProject
Project("{2150E333-8FDC-42A3-9474-1A3956D46DE8}") = "tests", "tests", "{10BA8285-C2A8-456B-BBDA-8C032B569C73}"
EndProject
Project("{FAE04EC0-301F-11D3-BF4B-00C04F79EFBC}") = "Project.Domain", "Project.Domain\Project.Domain.csproj", "{DA6F5F62-DC4B-4597-AC9B-539CB404AEC1}"
EndProject
Global
	GlobalSection(SolutionConfigurationPlatforms) = preSolution
		Debug|Any CPU = Debug|Any CPU
		Release|Any CPU = Release|Any CPU
	EndGlobalSection
	GlobalSection(ProjectConfigurationPlatforms) = postSolution
		{DA6F5F62-DC4B-4597-AC9B-539CB404AEC1}.Debug|Any CPU.ActiveCfg = Debug|Any CPU
		{DA6F5F62-DC4B-4597-AC9B-539CB404AEC1}.Debug|Any CPU.Build.0 = Debug|Any CPU
		{DA6F5F62-DC4B-4597-AC9B-539CB404AEC1}.Release|Any CPU.ActiveCfg = Release|Any CPU
		{DA6F5F62-DC4B-4597-AC9B-539CB404AEC1}.Release|Any CPU.Build.0 = Release|Any CPU
	EndGlobalSection
	GlobalSection(SolutionProperties) = preSolution
		HideSolutionNode = FALSE
	EndGlobalSection
	GlobalSection(NestedProjects) = preSolution
		{DA6F5F62-DC4B-4597-AC9B-539CB404AEC1} = {101C2DCD-2B9C-4F66-AFCA-276E4E9989FE}
	EndGlobalSection
	GlobalSection(ExtensibilityGlobals) = postSolution
		SolutionGuid = {56504276-29E5-417D-8C18-D35865A5D84A}
	EndGlobalSection
EndGlobal
